
Microsoft Visual Studio Solution File, Format Version 12.00
# Visual Studio 15
VisualStudioVersion = 15.0.28307.572
MinimumVisualStudioVersion = 10.0.40219.1
Project("{8BC9CEB8-8B4A-11D0-8D11-00A0C91BC942}") = "Project2", "Project2\Project2.vcxproj", "{6B358E18-F54F-4EC7-87A7-5D1D3C997BBE}"
EndProject
Global
	GlobalSection(SolutionConfigurationPlatforms) = preSolution
		Debug|x64 = Debug|x64
		Debug|x86 = Debug|x86
		Release|x64 = Release|x64
		Release|x86 = Release|x86
	EndGlobalSection
	GlobalSection(ProjectConfigurationPlatforms) = postSolution
		{6B358E18-F54F-4EC7-87A7-5D1D3C997BBE}.Debug|x64.ActiveCfg = Debug|x64
		{6B358E18-F54F-4EC7-87A7-5D1D3C997BBE}.Debug|x64.Build.0 = Debug|x64
		{6B358E18-F54F-4EC7-87A7-5D1D3C997BBE}.Debug|x86.ActiveCfg = Debug|Win32
		{6B358E18-F54F-4EC7-87A7-5D1D3C997BBE}.Debug|x86.Build.0 = Debug|Win32
		{6B358E18-F54F-4EC7-87A7-5D1D3C997BBE}.Release|x64.ActiveCfg = Release|x64
		{6B358E18-F54F-4EC7-87A7-5D1D3C997BBE}.Release|x64.Build.0 = Release|x64
		{6B358E18-F54F-4EC7-87A7-5D1D3C997BBE}.Release|x86.ActiveCfg = Release|Win32
		{6B358E18-F54F-4EC7-87A7-5D1D3C997BBE}.Release|x86.Build.0 = Release|Win32
	EndGlobalSection
	GlobalSection(SolutionProperties) = preSolution
		HideSolutionNode = FALSE
	EndGlobalSection
	GlobalSection(ExtensibilityGlobals) = postSolution
		SolutionGuid = {C55B42A9-B0A6-4E5E-AAA0-511A46F14E67}
	EndGlobalSection
EndGlobal
